
Microsoft Visual Studio Solution File, Format Version 12.00
# Visual Studio Version 17
VisualStudioVersion = 17.8.34408.163
MinimumVisualStudioVersion = 10.0.40219.1
Project("{FAE04EC0-301F-11D3-BF4B-00C04F79EFBC}") = "CommanderPattern", "CommanderPattern\CommanderPattern.csproj", "{CC37460C-E0F0-40C6-8803-4EE2D4C74902}"
EndProject
Global
	GlobalSection(SolutionConfigurationPlatforms) = preSolution
		Debug|Any CPU = Debug|Any CPU
		Release|Any CPU = Release|Any CPU
	EndGlobalSection
	GlobalSection(ProjectConfigurationPlatforms) = postSolution
		{CC37460C-E0F0-40C6-8803-4EE2D4C74902}.Debug|Any CPU.ActiveCfg = Debug|Any CPU
		{CC37460C-E0F0-40C6-8803-4EE2D4C74902}.Debug|Any CPU.Build.0 = Debug|Any CPU
		{CC37460C-E0F0-40C6-8803-4EE2D4C74902}.Release|Any CPU.ActiveCfg = Release|Any CPU
		{CC37460C-E0F0-40C6-8803-4EE2D4C74902}.Release|Any CPU.Build.0 = Release|Any CPU
	EndGlobalSection
	GlobalSection(SolutionProperties) = preSolution
		HideSolutionNode = FALSE
	EndGlobalSection
	GlobalSection(ExtensibilityGlobals) = postSolution
		SolutionGuid = {FF18B0D1-C1C6-47F0-9F8C-7D590AE57EB5}
	EndGlobalSection
EndGlobal
